
Microsoft Visual Studio Solution File, Format Version 12.00
# Visual Studio Version 17
VisualStudioVersion = 17.0.31903.59
MinimumVisualStudioVersion = 10.0.40219.1
Project("{FAE04EC0-301F-11D3-BF4B-00C04F79EFBC}") = "Resting B face", "Resting B face\Resting B face.csproj", "{90D9C14E-F76F-42C5-9FB7-33DE0BEF2AE2}"
EndProject
Global
	GlobalSection(SolutionConfigurationPlatforms) = preSolution
		Debug|Any CPU = Debug|Any CPU
		Release|Any CPU = Release|Any CPU
	EndGlobalSection
	GlobalSection(SolutionProperties) = preSolution
		HideSolutionNode = FALSE
	EndGlobalSection
	GlobalSection(ProjectConfigurationPlatforms) = postSolution
		{90D9C14E-F76F-42C5-9FB7-33DE0BEF2AE2}.Debug|Any CPU.ActiveCfg = Debug|Any CPU
		{90D9C14E-F76F-42C5-9FB7-33DE0BEF2AE2}.Debug|Any CPU.Build.0 = Debug|Any CPU
		{90D9C14E-F76F-42C5-9FB7-33DE0BEF2AE2}.Release|Any CPU.ActiveCfg = Release|Any CPU
		{90D9C14E-F76F-42C5-9FB7-33DE0BEF2AE2}.Release|Any CPU.Build.0 = Release|Any CPU
	EndGlobalSection
EndGlobal
